schema: '2.0'
stages:
  cancer_cleaning:
    cmd: python src/data/cancer_cleaning.py
    deps:
    - path: data/raw/cancer.csv
      hash: md5
      md5: 6165d90b8708bb1c1dd14245cc6bef46
      size: 125204
    - path: src/data/cancer_cleaning.py
      hash: md5
      md5: c7029448b374018d8a973b36520ea10a
      size: 672
    outs:
    - path: data/processed/cancer_cleanned.csv
      hash: md5
      md5: 65f751509188cd9b07caba77d892c4a6
      size: 20698
  liver_cleaning:
    cmd: python src/data/liver_cleaning.py
    deps:
    - path: data/raw/indian_liver_patient.csv
      hash: md5
      md5: 916eda6c3ca1ec22e900e1eac179cc24
      size: 23930
    - path: src/data/liver_cleaning.py
      hash: md5
      md5: 9485189732d66dbd887d27cb1129518b
      size: 2158
    outs:
    - path: data/processed/processed_liver_data.csv
      hash: md5
      md5: e00f0a265c10f83741676550ea270c87
      size: 19084
  kidney_cleaning:
    cmd: python src/data/kidney_cleaning.py
    deps:
    - path: data/raw/kidney_disease.csv
      hash: md5
      md5: a3d3a283e888109abe3d8b2094344058
      size: 48551
    - path: src/data/kidney_cleaning.py
      hash: md5
      md5: d603e0ce3f7668eb52de80729b7601bd
      size: 1891
    outs:
    - path: data/processed/processed_kidney_disease.csv
      hash: md5
      md5: 1ca171b6070f7411215b990bd7feb2f3
      size: 47443
  diabetes_cleaning:
    cmd: python src/data/diabetes_cleaning.py
    deps:
    - path: data/raw/diabetes.csv
      hash: md5
      md5: f2906818eda8fcfc8f8416557ab1e6df
      size: 23873
    - path: src/data/diabetes_cleaning.py
      hash: md5
      md5: b2317b088e52933acf0b8edccfd25bb4
      size: 350
    outs:
    - path: data/processed/diabetes_cleanned.csv
      hash: md5
      md5: f8183aa843a1f37607d7bc1131626f1b
      size: 24059
  heart_cleaning:
    cmd: python src/data/heart_cleaning.py
    deps:
    - path: data/raw/heart.csv
      hash: md5
      md5: 6481ed154d5b8ff83d7c09007aaa6ed0
      size: 38114
    - path: src/data/heart_cleaning.py
      hash: md5
      md5: f8e1d486cfc7a056a867184c08c0336e
      size: 740
    outs:
    - path: data/processed/processed_heart_disease.csv
      hash: md5
      md5: a475aa906655f6f83fadbd9a421873ae
      size: 38996
  data_cleaning:
    cmd: python src/data/data_cleaning.py
    deps:
    - path: data/raw/cancer.csv
      hash: md5
      md5: 6165d90b8708bb1c1dd14245cc6bef46
      size: 125204
    - path: data/raw/diabetes.csv
      hash: md5
      md5: f2906818eda8fcfc8f8416557ab1e6df
      size: 23873
    - path: data/raw/heart.csv
      hash: md5
      md5: 6481ed154d5b8ff83d7c09007aaa6ed0
      size: 38114
    - path: data/raw/indian_liver_patient.csv
      hash: md5
      md5: 916eda6c3ca1ec22e900e1eac179cc24
      size: 23930
    - path: data/raw/kidney_disease.csv
      hash: md5
      md5: a3d3a283e888109abe3d8b2094344058
      size: 48551
    - path: src/data/data_cleaning.py
      hash: md5
      md5: 6889c5715974887e22681fc90d0149e8
      size: 6293
    outs:
    - path: data/processed/cancer_cleanned.csv
      hash: md5
      md5: 65f751509188cd9b07caba77d892c4a6
      size: 20698
    - path: data/processed/diabetes_cleanned.csv
      hash: md5
      md5: f8183aa843a1f37607d7bc1131626f1b
      size: 24059
    - path: data/processed/kidney_cleanned.csv
      hash: md5
      md5: 6486df50167ae605746cd0717cbf7c74
      size: 47695
    - path: data/processed/processed_heart_disease.csv
      hash: md5
      md5: 08b1e0018ce191523049e764f7f23e46
      size: 39180
    - path: data/processed/processed_liver_data.csv
      hash: md5
      md5: 33cf3393f00b7b1f9e47bbfc56de43bf
      size: 14004
  data_preparation_cancer:
    cmd: python src/data/data_preparation_cancer.py
    deps:
    - path: data/processed/cancer_cleanned.csv
      hash: md5
      md5: 65f751509188cd9b07caba77d892c4a6
      size: 20698
    - path: src/data/data_preparation_cancer.py
      hash: md5
      md5: 9ebe7d75b85a333e5db3c150b38983e8
      size: 3037
    params:
      params.yaml:
        Data_Preparation.random_state: 42
        Data_Preparation.test_size: 0.2
    outs:
    - path: data/interim/cancer_processed/test.csv
      hash: md5
      md5: 4e9aebb134536738aa83633088c0aaf0
      size: 4191
    - path: data/interim/cancer_processed/train.csv
      hash: md5
      md5: 629894dfa3f21f4927c8da7f4caf7670
      size: 16590
  data_preprocessing:
    cmd: python src/features/data_preprocessing_cancer.py
    deps:
    - path: data/interim/cancer_processed/test.csv
      hash: md5
      md5: 4e9aebb134536738aa83633088c0aaf0
      size: 4191
    - path: data/interim/cancer_processed/train.csv
      hash: md5
      md5: 629894dfa3f21f4927c8da7f4caf7670
      size: 16590
    - path: src/features/data_preprocessing_cancer.py
      hash: md5
      md5: f6de347113a47ca9e57f3b1696ed724d
      size: 5873
    outs:
    - path: data/cleaned_processed/processed_cancer/test_trans.csv
      hash: md5
      md5: ae5ed97eca8ca5b2439f2341e63a7852
      size: 11428
    - path: data/cleaned_processed/processed_cancer/train_trans.csv
      hash: md5
      md5: 06881e223c51a807c5fa91c774342cd2
      size: 45709
    - path: models/preprocessor.joblib
      hash: md5
      md5: e03b4016fcc111cbdd112cc45935fae6
      size: 2390
  data_preparation_heart:
    cmd: python src/data/data_preparation_heart.py
    deps:
    - path: data/processed/processed_heart_disease.csv
      hash: md5
      md5: 08b1e0018ce191523049e764f7f23e46
      size: 39180
    - path: src/data/data_preparation_heart.py
      hash: md5
      md5: 4fe26283b2d3cb46ed26d501936c414e
      size: 3033
    params:
      params.yaml:
        Data_Preparation.random_state: 42
        Data_Preparation.test_size: 0.2
    outs:
    - path: data/interim/heart_processed/test.csv
      hash: md5
      md5: 603148d44ba1020b6744759ac7acfbeb
      size: 8047
    - path: data/interim/heart_processed/train.csv
      hash: md5
      md5: 374c10878d91039b2ee7605fac8f6f4c
      size: 31398
  data_preprocessing_cancer:
    cmd: python src/features/data_preprocessing_cancer.py
    deps:
    - path: data/interim/cancer_processed/test.csv
      hash: md5
      md5: 4e9aebb134536738aa83633088c0aaf0
      size: 4191
    - path: data/interim/cancer_processed/train.csv
      hash: md5
      md5: 629894dfa3f21f4927c8da7f4caf7670
      size: 16590
    - path: src/features/data_preprocessing_cancer.py
      hash: md5
      md5: 8ef46626170da1eee8a3a4273e034f66
      size: 5880
    outs:
    - path: data/cleaned_processed/processed_cancer/test_trans.csv
      hash: md5
      md5: ae5ed97eca8ca5b2439f2341e63a7852
      size: 11428
    - path: data/cleaned_processed/processed_cancer/train_trans.csv
      hash: md5
      md5: 06881e223c51a807c5fa91c774342cd2
      size: 45709
    - path: models/cancer_preprocessor.joblib
      hash: md5
      md5: e03b4016fcc111cbdd112cc45935fae6
      size: 2390
  data_preprocessing_heart:
    cmd: python src/features/data_preprocessing_heart.py
    deps:
    - path: data/interim/heart_processed/test.csv
      hash: md5
      md5: 603148d44ba1020b6744759ac7acfbeb
      size: 8047
    - path: data/interim/heart_processed/train.csv
      hash: md5
      md5: 374c10878d91039b2ee7605fac8f6f4c
      size: 31398
    - path: src/features/data_preprocessing_heart.py
      hash: md5
      md5: 8a8b78bde0a6a80c418e4437a9329ce6
      size: 6138
    outs:
    - path: data/cleaned_processed/processed_heart/test_trans.csv
      hash: md5
      md5: 3554060ce09495bc32e5c20e47cadae2
      size: 28701
    - path: data/cleaned_processed/processed_heart/train_trans.csv
      hash: md5
      md5: 4a297e0678e717336341b20035f220b4
      size: 113793
    - path: models/heart_preprocessor.joblib
      hash: md5
      md5: d768600fd47a5043e44b3f168892ff46
      size: 3900
  data_preparation_diabetes:
    cmd: python src/data/data_preparation_diabetes.py
    deps:
    - path: data/processed/diabetes_cleanned.csv
      hash: md5
      md5: f8183aa843a1f37607d7bc1131626f1b
      size: 24059
    - path: src/data/data_preparation_diabetes.py
      hash: md5
      md5: 717e31aa974ec5620df1c20b40b8cffa
      size: 3041
    params:
      params.yaml:
        Data_Preparation.random_state: 42
        Data_Preparation.test_size: 0.2
    outs:
    - path: data/interim/diabetes_processed/test.csv
      hash: md5
      md5: 0ae68e0c1e7e08024e93e5ffcc87bfbf
      size: 4873
    - path: data/interim/diabetes_processed/train.csv
      hash: md5
      md5: 41288c9b48d586ac06a6de4eb3e16d98
      size: 19284
  data_preparation_liver:
    cmd: python src/data/data_preparation_liver.py
    deps:
    - path: data/processed/processed_liver_data.csv
      hash: md5
      md5: 33cf3393f00b7b1f9e47bbfc56de43bf
      size: 14004
    - path: src/data/data_preparation_liver.py
      hash: md5
      md5: 6b33c055d18185d2e50028ce84bd4647
      size: 3031
    params:
      params.yaml:
        Data_Preparation.random_state: 42
        Data_Preparation.test_size: 0.2
    outs:
    - path: data/interim/liver_processed/test.csv
      hash: md5
      md5: 3e171b96408b0e247df1ce3e74f09dde
      size: 2884
    - path: data/interim/liver_processed/train.csv
      hash: md5
      md5: e1fffe46dde9ae49d8296ed6ea2140ac
      size: 11228
  data_preparation_kidney:
    cmd: python src/data/data_preparation_kidney.py
    deps:
    - path: data/processed/kidney_cleanned.csv
      hash: md5
      md5: 6486df50167ae605746cd0717cbf7c74
      size: 47695
    - path: src/data/data_preparation_kidney.py
      hash: md5
      md5: d83e2763677bf0009bc3ba5f149a935f
      size: 3042
    params:
      params.yaml:
        Data_Preparation.random_state: 42
        Data_Preparation.test_size: 0.2
    outs:
    - path: data/interim/kidney_processed/test.csv
      hash: md5
      md5: 7a82b922e3d58d554b78733f6e785d65
      size: 9884
    - path: data/interim/kidney_processed/train.csv
      hash: md5
      md5: 20f5ea2ce99fc2e7d97c827b10b27cb1
      size: 38151
